{
  "name": "extra-english",
  "version": "0.0.3",
  "lockfileVersion": 1,
  "requires": true,
  "dependencies": {
    "ast-types": {
      "version": "0.13.2",
      "resolved": "https://registry.npmjs.org/ast-types/-/ast-types-0.13.2.tgz",
      "integrity": "sha512-uWMHxJxtfj/1oZClOxDEV1sQ1HCDkA4MG8Gr69KKeBjEVH0R84WlejZ0y2DcwyBlpAEMltmVYkVgqfLFb2oyiA==",
      "dev": true
    },
    "esprima": {
      "version": "4.0.1",
      "resolved": "https://registry.npmjs.org/esprima/-/esprima-4.0.1.tgz",
      "integrity": "sha512-eGuFFw7Upda+g4p+QHvnW0RyTX/SVeJBDM/gCtMARO0cLuT2HcEKnTPvhjV6aGeqrCB/sbNop0Kszm0jsaWU4A==",
      "dev": true
    },
    "find-npm-prefix": {
      "version": "1.0.2",
      "resolved": "https://registry.npmjs.org/find-npm-prefix/-/find-npm-prefix-1.0.2.tgz",
      "integrity": "sha512-KEftzJ+H90x6pcKtdXZEPsQse8/y/UnvzRKrOSQFprnrGaFuJ62fVkP34Iu2IYuMvyauCyoLTNkJZgrrGA2wkA==",
      "dev": true
    },
    "private": {
      "version": "0.1.8",
      "resolved": "https://registry.npmjs.org/private/-/private-0.1.8.tgz",
      "integrity": "sha512-VvivMrbvd2nKkiG38qjULzlc+4Vx4wm/whI9pQD35YrARNnhxeiRktSOhSukRLFNlzg6Br/cJPet5J/u19r/mg==",
      "dev": true
    },
    "recast": {
      "version": "0.18.5",
      "resolved": "https://registry.npmjs.org/recast/-/recast-0.18.5.tgz",
      "integrity": "sha512-sD1WJrpLQAkXGyQZyGzTM75WJvyAd98II5CHdK3IYbt/cZlU0UzCRVU11nUFNXX9fBVEt4E9ajkMjBlUlG+Oog==",
      "dev": true,
      "requires": {
        "ast-types": "0.13.2",
        "esprima": "~4.0.0",
        "private": "^0.1.8",
        "source-map": "~0.6.1"
      }
    },
    "source-map": {
      "version": "0.6.1",
      "resolved": "https://registry.npmjs.org/source-map/-/source-map-0.6.1.tgz",
      "integrity": "sha512-UjgapumWlbMhkBgzT7Ykc5YXUT46F0iKu8SGXq0bcwP5dz/h0Plj6enJqjz1Zbq2l5WaqYnrVbwWOWMyF3F47g==",
      "dev": true
    },
    "string-objectreplaceprefix": {
      "version": "0.1.5",
      "resolved": "https://registry.npmjs.org/string-objectreplaceprefix/-/string-objectreplaceprefix-0.1.5.tgz",
      "integrity": "sha512-3e4UYuMMP73+YMFUNMRNLzChMLQdpSNcHWzu6lvJJyQP5rJCwcgVlSG4vL4wNXdUEiRUAPU5F20FurltBM2aIw==",
      "dev": true
    },
    "string-objectreplacesuffix": {
      "version": "0.1.8",
      "resolved": "https://registry.npmjs.org/string-objectreplacesuffix/-/string-objectreplacesuffix-0.1.8.tgz",
      "integrity": "sha512-/EYuwNKGlD5pKPPPDN7d++WwOVjz9e6zLK5K8ARjze39brWEzXgPqSEXry9XgaLzVip/YsEzqoY8lp+ZDi24Ig==",
      "dev": true
    },
    "string-symbolat": {
      "version": "0.1.4",
      "resolved": "https://registry.npmjs.org/string-symbolat/-/string-symbolat-0.1.4.tgz",
      "integrity": "sha512-cLVW5JzJhYGXRYHTy0gWaFk4H3I/BujGPuh9PV/UBlAUHUmYYDYgZBKfiDHFJZV0J5+Cx4obF0GEe8xWYC+iMg==",
      "dev": true
    }
  }
}
